
Microsoft Visual Studio Solution File, Format Version 12.00
# Visual Studio Version 16
VisualStudioVersion = 16.0.31424.327
MinimumVisualStudioVersion = 10.0.40219.1
Project("{FAE04EC0-301F-11D3-BF4B-00C04F79EFBC}") = "arraysDemo", "arraysDemo.csproj", "{A6B2C872-6345-4641-AA25-42AF59F0102E}"
EndProject
Global
	GlobalSection(SolutionConfigurationPlatforms) = preSolution
		Debug|Any CPU = Debug|Any CPU
		Release|Any CPU = Release|Any CPU
	EndGlobalSection
	GlobalSection(ProjectConfigurationPlatforms) = postSolution
		{A6B2C872-6345-4641-AA25-42AF59F0102E}.Debug|Any CPU.ActiveCfg = Debug|Any CPU
		{A6B2C872-6345-4641-AA25-42AF59F0102E}.Debug|Any CPU.Build.0 = Debug|Any CPU
		{A6B2C872-6345-4641-AA25-42AF59F0102E}.Release|Any CPU.ActiveCfg = Release|Any CPU
		{A6B2C872-6345-4641-AA25-42AF59F0102E}.Release|Any CPU.Build.0 = Release|Any CPU
	EndGlobalSection
	GlobalSection(SolutionProperties) = preSolution
		HideSolutionNode = FALSE
	EndGlobalSection
	GlobalSection(ExtensibilityGlobals) = postSolution
		SolutionGuid = {295E31DD-DA7E-4EEF-B19D-0EA68793B47A}
	EndGlobalSection
EndGlobal
