
Microsoft Visual Studio Solution File, Format Version 12.00
# Visual Studio Version 16
VisualStudioVersion = 16.0.31424.327
MinimumVisualStudioVersion = 10.0.40219.1
Project("{FAE04EC0-301F-11D3-BF4B-00C04F79EFBC}") = "Variables", "Variables.csproj", "{A95282DE-8521-4D77-B4C9-BB05DA7C1832}"
EndProject
Global
	GlobalSection(SolutionConfigurationPlatforms) = preSolution
		Debug|Any CPU = Debug|Any CPU
		Release|Any CPU = Release|Any CPU
	EndGlobalSection
	GlobalSection(ProjectConfigurationPlatforms) = postSolution
		{A95282DE-8521-4D77-B4C9-BB05DA7C1832}.Debug|Any CPU.ActiveCfg = Debug|Any CPU
		{A95282DE-8521-4D77-B4C9-BB05DA7C1832}.Debug|Any CPU.Build.0 = Debug|Any CPU
		{A95282DE-8521-4D77-B4C9-BB05DA7C1832}.Release|Any CPU.ActiveCfg = Release|Any CPU
		{A95282DE-8521-4D77-B4C9-BB05DA7C1832}.Release|Any CPU.Build.0 = Release|Any CPU
	EndGlobalSection
	GlobalSection(SolutionProperties) = preSolution
		HideSolutionNode = FALSE
	EndGlobalSection
	GlobalSection(ExtensibilityGlobals) = postSolution
		SolutionGuid = {5FBC3E22-96BA-4293-A31B-0E4D3D782A1B}
	EndGlobalSection
EndGlobal
