
Microsoft Visual Studio Solution File, Format Version 12.00
# Visual Studio Version 16
VisualStudioVersion = 16.0.31424.327
MinimumVisualStudioVersion = 10.0.40219.1
Project("{FAE04EC0-301F-11D3-BF4B-00C04F79EFBC}") = "exercise6", "exercise6.csproj", "{68B2612E-ABCC-46E9-80FB-FF3D6BFAE6F1}"
EndProject
Global
	GlobalSection(SolutionConfigurationPlatforms) = preSolution
		Debug|Any CPU = Debug|Any CPU
		Release|Any CPU = Release|Any CPU
	EndGlobalSection
	GlobalSection(ProjectConfigurationPlatforms) = postSolution
		{68B2612E-ABCC-46E9-80FB-FF3D6BFAE6F1}.Debug|Any CPU.ActiveCfg = Debug|Any CPU
		{68B2612E-ABCC-46E9-80FB-FF3D6BFAE6F1}.Debug|Any CPU.Build.0 = Debug|Any CPU
		{68B2612E-ABCC-46E9-80FB-FF3D6BFAE6F1}.Release|Any CPU.ActiveCfg = Release|Any CPU
		{68B2612E-ABCC-46E9-80FB-FF3D6BFAE6F1}.Release|Any CPU.Build.0 = Release|Any CPU
	EndGlobalSection
	GlobalSection(SolutionProperties) = preSolution
		HideSolutionNode = FALSE
	EndGlobalSection
	GlobalSection(ExtensibilityGlobals) = postSolution
		SolutionGuid = {DA194EA6-22B5-44D6-9D64-0E45CEEA84A9}
	EndGlobalSection
EndGlobal
