
Microsoft Visual Studio Solution File, Format Version 12.00
# Visual Studio Version 16
VisualStudioVersion = 16.0.31424.327
MinimumVisualStudioVersion = 10.0.40219.1
Project("{FAE04EC0-301F-11D3-BF4B-00C04F79EFBC}") = "class", "class.csproj", "{511D7D2E-6296-4E6A-81D8-A85B88E8AE01}"
EndProject
Global
	GlobalSection(SolutionConfigurationPlatforms) = preSolution
		Debug|Any CPU = Debug|Any CPU
		Release|Any CPU = Release|Any CPU
	EndGlobalSection
	GlobalSection(ProjectConfigurationPlatforms) = postSolution
		{511D7D2E-6296-4E6A-81D8-A85B88E8AE01}.Debug|Any CPU.ActiveCfg = Debug|Any CPU
		{511D7D2E-6296-4E6A-81D8-A85B88E8AE01}.Debug|Any CPU.Build.0 = Debug|Any CPU
		{511D7D2E-6296-4E6A-81D8-A85B88E8AE01}.Release|Any CPU.ActiveCfg = Release|Any CPU
		{511D7D2E-6296-4E6A-81D8-A85B88E8AE01}.Release|Any CPU.Build.0 = Release|Any CPU
	EndGlobalSection
	GlobalSection(SolutionProperties) = preSolution
		HideSolutionNode = FALSE
	EndGlobalSection
	GlobalSection(ExtensibilityGlobals) = postSolution
		SolutionGuid = {B9F6FFD3-8FB0-4997-8680-CA614D9DDA34}
	EndGlobalSection
EndGlobal
